
Microsoft Visual Studio Solution File, Format Version 12.00
# Visual Studio 15
VisualStudioVersion = 15.0.27130.2027
MinimumVisualStudioVersion = 10.0.40219.1
Project("{FAE04EC0-301F-11D3-BF4B-00C04F79EFBC}") = "ManageUsers", "ManageUsers\ManageUsers.csproj", "{E4706262-46CD-4678-BD46-8E3BAA4DCC59}"
EndProject
Global
	GlobalSection(SolutionConfigurationPlatforms) = preSolution
		Debug|Any CPU = Debug|Any CPU
		Release|Any CPU = Release|Any CPU
	EndGlobalSection
	GlobalSection(ProjectConfigurationPlatforms) = postSolution
		{E4706262-46CD-4678-BD46-8E3BAA4DCC59}.Debug|Any CPU.ActiveCfg = Debug|Any CPU
		{E4706262-46CD-4678-BD46-8E3BAA4DCC59}.Debug|Any CPU.Build.0 = Debug|Any CPU
		{E4706262-46CD-4678-BD46-8E3BAA4DCC59}.Release|Any CPU.ActiveCfg = Release|Any CPU
		{E4706262-46CD-4678-BD46-8E3BAA4DCC59}.Release|Any CPU.Build.0 = Release|Any CPU
	EndGlobalSection
	GlobalSection(SolutionProperties) = preSolution
		HideSolutionNode = FALSE
	EndGlobalSection
	GlobalSection(ExtensibilityGlobals) = postSolution
		SolutionGuid = {141CB664-868A-4B86-878D-BF38239DD7DF}
	EndGlobalSection
EndGlobal
